{
  "object": {
    "pins": [
      {
        "package": "Starscream",
        "repositoryURL": "https://github.com/onetwotrip/Starscream",
        "state": {
          "branch": null,
          "revision": "0d7293cc4196a20bce356f1561a8ed8e868d760b",
          "version": null
        }
      }
    ]
  },
  "version": 1
}
